
Microsoft Visual Studio Solution File, Format Version 12.00
# Visual Studio Version 17
VisualStudioVersion = 17.14.36908.2
MinimumVisualStudioVersion = 10.0.40219.1
Project("{FAE04EC0-301F-11D3-BF4B-00C04F79EFBC}") = "ResNet50_Test", "ResNet50_Test\ResNet50_Test.csproj", "{0E061DDF-2D58-464A-9B7D-98DFA7827371}"
EndProject
Project("{FAE04EC0-301F-11D3-BF4B-00C04F79EFBC}") = "BindingTest", "BindingTest\BindingTest.csproj", "{83985C7B-D94F-425F-A3F9-94CF9354AE09}"
EndProject
Project("{FAE04EC0-301F-11D3-BF4B-00C04F79EFBC}") = "ShowImages", "ShowImages\ShowImages.csproj", "{2A06424F-B3DF-411B-8436-E7EB92BE6E33}"
EndProject
Global
	GlobalSection(SolutionConfigurationPlatforms) = preSolution
		Debug|Any CPU = Debug|Any CPU
		Release|Any CPU = Release|Any CPU
	EndGlobalSection
	GlobalSection(ProjectConfigurationPlatforms) = postSolution
		{0E061DDF-2D58-464A-9B7D-98DFA7827371}.Debug|Any CPU.ActiveCfg = Debug|Any CPU
		{0E061DDF-2D58-464A-9B7D-98DFA7827371}.Debug|Any CPU.Build.0 = Debug|Any CPU
		{0E061DDF-2D58-464A-9B7D-98DFA7827371}.Release|Any CPU.ActiveCfg = Release|Any CPU
		{0E061DDF-2D58-464A-9B7D-98DFA7827371}.Release|Any CPU.Build.0 = Release|Any CPU
		{83985C7B-D94F-425F-A3F9-94CF9354AE09}.Debug|Any CPU.ActiveCfg = Debug|x64
		{83985C7B-D94F-425F-A3F9-94CF9354AE09}.Debug|Any CPU.Build.0 = Debug|x64
		{83985C7B-D94F-425F-A3F9-94CF9354AE09}.Debug|Any CPU.Deploy.0 = Debug|x64
		{83985C7B-D94F-425F-A3F9-94CF9354AE09}.Release|Any CPU.ActiveCfg = Release|x64
		{83985C7B-D94F-425F-A3F9-94CF9354AE09}.Release|Any CPU.Build.0 = Release|x64
		{83985C7B-D94F-425F-A3F9-94CF9354AE09}.Release|Any CPU.Deploy.0 = Release|x64
		{2A06424F-B3DF-411B-8436-E7EB92BE6E33}.Debug|Any CPU.ActiveCfg = Debug|x64
		{2A06424F-B3DF-411B-8436-E7EB92BE6E33}.Debug|Any CPU.Build.0 = Debug|x64
		{2A06424F-B3DF-411B-8436-E7EB92BE6E33}.Debug|Any CPU.Deploy.0 = Debug|x64
		{2A06424F-B3DF-411B-8436-E7EB92BE6E33}.Release|Any CPU.ActiveCfg = Release|x64
		{2A06424F-B3DF-411B-8436-E7EB92BE6E33}.Release|Any CPU.Build.0 = Release|x64
		{2A06424F-B3DF-411B-8436-E7EB92BE6E33}.Release|Any CPU.Deploy.0 = Release|x64
	EndGlobalSection
	GlobalSection(SolutionProperties) = preSolution
		HideSolutionNode = FALSE
	EndGlobalSection
	GlobalSection(ExtensibilityGlobals) = postSolution
		SolutionGuid = {0C4C384A-39B5-4605-8F3F-8D10ABE995DB}
	EndGlobalSection
EndGlobal
