
Microsoft Visual Studio Solution File, Format Version 12.00
# Visual Studio Version 17
VisualStudioVersion = 17.14.36908.2 d17.14
MinimumVisualStudioVersion = 10.0.40219.1
Project("{FAE04EC0-301F-11D3-BF4B-00C04F79EFBC}") = "ResNet50_Test", "ResNet50_Test\ResNet50_Test.csproj", "{0E061DDF-2D58-464A-9B7D-98DFA7827371}"
EndProject
Global
	GlobalSection(SolutionConfigurationPlatforms) = preSolution
		Debug|Any CPU = Debug|Any CPU
		Release|Any CPU = Release|Any CPU
	EndGlobalSection
	GlobalSection(ProjectConfigurationPlatforms) = postSolution
		{0E061DDF-2D58-464A-9B7D-98DFA7827371}.Debug|Any CPU.ActiveCfg = Debug|Any CPU
		{0E061DDF-2D58-464A-9B7D-98DFA7827371}.Debug|Any CPU.Build.0 = Debug|Any CPU
		{0E061DDF-2D58-464A-9B7D-98DFA7827371}.Release|Any CPU.ActiveCfg = Release|Any CPU
		{0E061DDF-2D58-464A-9B7D-98DFA7827371}.Release|Any CPU.Build.0 = Release|Any CPU
	EndGlobalSection
	GlobalSection(SolutionProperties) = preSolution
		HideSolutionNode = FALSE
	EndGlobalSection
	GlobalSection(ExtensibilityGlobals) = postSolution
		SolutionGuid = {0C4C384A-39B5-4605-8F3F-8D10ABE995DB}
	EndGlobalSection
EndGlobal
